// !$*UTF8*$!
{
	archiveVersion = 1;
	classes = {
	};
	objectVersion = 50;
	objects = {

/* Begin PBXBuildFile section */
		65344AB723BE2C56004C30C7 /* AppDelegate.swift in Sources */ = {isa = PBXBuildFile; fileRef = 65344AB623BE2C56004C30C7 /* AppDelegate.swift */; };
		65344AB923BE2C56004C30C7 /* SceneDelegate.swift in Sources */ = {isa = PBXBuildFile; fileRef = 65344AB823BE2C56004C30C7 /* SceneDelegate.swift */; };
		65344ABB23BE2C56004C30C7 /* ViewController.swift in Sources */ = {isa = PBXBuildFile; fileRef = 65344ABA23BE2C56004C30C7 /* ViewController.swift */; };
		65344ABE23BE2C56004C30C7 /* Main.storyboard in Resources */ = {isa = PBXBuildFile; fileRef = 65344ABC23BE2C56004C30C7 /* Main.storyboard */; };
		65344AC023BE2C57004C30C7 /* Assets.xcassets in Resources */ = {isa = PBXBuildFile; fileRef = 65344ABF23BE2C57004C30C7 /* Assets.xcassets */; };
		65344AC323BE2C57004C30C7 /* LaunchScreen.storyboard in Resources */ = {isa = PBXBuildFile; fileRef = 65344AC123BE2C57004C30C7 /* LaunchScreen.storyboard */; };
		65344ACE23BE2C58004C30C7 /* gogglesTests.swift in Sources */ = {isa = PBXBuildFile; fileRef = 65344ACD23BE2C58004C30C7 /* gogglesTests.swift */; };
/* End PBXBuildFile section */

/* Begin PBXContainerItemProxy section */
		65344ACA23BE2C58004C30C7 /* PBXContainerItemProxy */ = {
			isa = PBXContainerItemProxy;
			containerPortal = 65344AAB23BE2C56004C30C7 /* Project object */;
			proxyType = 1;
			remoteGlobalIDString = 65344AB223BE2C56004C30C7;
			remoteInfo = goggles;
		};
/* End PBXContainerItemProxy section */

/* Begin PBXFileReference section */
		65344AB323BE2C56004C30C7 /* goggles.app */ = {isa = PBXFileReference; explicitFileType = wrapper.application; includeInIndex = 0; path = goggles.app; sourceTree = BUILT_PRODUCTS_DIR; };
		65344AB623BE2C56004C30C7 /* AppDelegate.swift */ = {isa = PBXFileReference; lastKnownFileType = sourcecode.swift; path = AppDelegate.swift; sourceTree = "<group>"; };
		65344AB823BE2C56004C30C7 /* SceneDelegate.swift */ = {isa = PBXFileReference; lastKnownFileType = sourcecode.swift; path = SceneDelegate.swift; sourceTree = "<group>"; };
		65344ABA23BE2C56004C30C7 /* ViewController.swift */ = {isa = PBXFileReference; lastKnownFileType = sourcecode.swift; path = ViewController.swift; sourceTree = "<group>"; };
		65344ABD23BE2C56004C30C7 /* Base */ = {isa = PBXFileReference; lastKnownFileType = file.storyboard; name = Base; path = Base.lproj/Main.storyboard; sourceTree = "<group>"; };
		65344ABF23BE2C57004C30C7 /* Assets.xcassets */ = {isa = PBXFileReference; lastKnownFileType = folder.assetcatalog; path = Assets.xcassets; sourceTree = "<group>"; };
		65344AC223BE2C57004C30C7 /* Base */ = {isa = PBXFileReference; lastKnownFileType = file.storyboard; name = Base; path = Base.lproj/LaunchScreen.storyboard; sourceTree = "<group>"; };
		65344AC423BE2C57004C30C7 /* Info.plist */ = {isa = PBXFileReference; lastKnownFileType = text.plist.xml; path = Info.plist; sourceTree = "<group>"; };
		65344AC923BE2C58004C30C7 /* gogglesTests.xctest */ = {isa = PBXFileReference; explicitFileType = wrapper.cfbundle; includeInIndex = 0; path = gogglesTests.xctest; sourceTree = BUILT_PRODUCTS_DIR; };
		65344ACD23BE2C58004C30C7 /* gogglesTests.swift */ = {isa = PBXFileReference; lastKnownFileType = sourcecode.swift; path = gogglesTests.swift; sourceTree = "<group>"; };
		65344ACF23BE2C58004C30C7 /* Info.plist */ = {isa = PBXFileReference; lastKnownFileType = text.plist.xml; path = Info.plist; sourceTree = "<group>"; };
/* End PBXFileReference section */

/* Begin PBXFrameworksBuildPhase section */
		65344AB023BE2C56004C30C7 /* Frameworks */ = {
			isa = PBXFrameworksBuildPhase;
			buildActionMask = 2147483647;
			files = (
			);
			runOnlyForDeploymentPostprocessing = 0;
		};
		65344AC623BE2C58004C30C7 /* Frameworks */ = {
			isa = PBXFrameworksBuildPhase;
			buildActionMask = 2147483647;
			files = (
			);
			runOnlyForDeploymentPostprocessing = 0;
		};
/* End PBXFrameworksBuildPhase section */

/* Begin PBXGroup section */
		65344AAA23BE2C56004C30C7 = {
			isa = PBXGroup;
			children = (
				65344AB523BE2C56004C30C7 /* goggles */,
				65344ACC23BE2C58004C30C7 /* gogglesTests */,
				65344AB423BE2C56004C30C7 /* Products */,
			);
			sourceTree = "<group>";
		};
		65344AB423BE2C56004C30C7 /* Products */ = {
			isa = PBXGroup;
			children = (
				65344AB323BE2C56004C30C7 /* goggles.app */,
				65344AC923BE2C58004C30C7 /* gogglesTests.xctest */,
			);
			name = Products;
			sourceTree = "<group>";
		};
		65344AB523BE2C56004C30C7 /* goggles */ = {
			isa = PBXGroup;
			children = (
				65344AB623BE2C56004C30C7 /* AppDelegate.swift */,
				65344AB823BE2C56004C30C7 /* SceneDelegate.swift */,
				65344ABA23BE2C56004C30C7 /* ViewController.swift */,
				65344ABC23BE2C56004C30C7 /* Main.storyboard */,
				65344ABF23BE2C57004C30C7 /* Assets.xcassets */,
				65344AC123BE2C57004C30C7 /* LaunchScreen.storyboard */,
				65344AC423BE2C57004C30C7 /* Info.plist */,
			);
			path = goggles;
			sourceTree = "<group>";
		};
		65344ACC23BE2C58004C30C7 /* gogglesTests */ = {
			isa = PBXGroup;
			children = (
				65344ACD23BE2C58004C30C7 /* gogglesTests.swift */,
				65344ACF23BE2C58004C30C7 /* Info.plist */,
			);
			path = gogglesTests;
			sourceTree = "<group>";
		};
/* End PBXGroup section */

/* Begin PBXNativeTarget section */
		65344AB223BE2C56004C30C7 /* goggles */ = {
			isa = PBXNativeTarget;
			buildConfigurationList = 65344AD223BE2C58004C30C7 /* Build configuration list for PBXNativeTarget "goggles" */;
			buildPhases = (
				65344AAF23BE2C56004C30C7 /* Sources */,
				65344AB023BE2C56004C30C7 /* Frameworks */,
				65344AB123BE2C56004C30C7 /* Resources */,
			);
			buildRules = (
			);
			dependencies = (
			);
			name = goggles;
			productName = goggles;
			productReference = 65344AB323BE2C56004C30C7 /* goggles.app */;
			productType = "com.apple.product-type.application";
		};
		65344AC823BE2C58004C30C7 /* gogglesTests */ = {
			isa = PBXNativeTarget;
			buildConfigurationList = 65344AD523BE2C58004C30C7 /* Build configuration list for PBXNativeTarget "gogglesTests" */;
			buildPhases = (
				65344AC523BE2C58004C30C7 /* Sources */,
				65344AC623BE2C58004C30C7 /* Frameworks */,
				65344AC723BE2C58004C30C7 /* Resources */,
			);
			buildRules = (
			);
			dependencies = (
				65344ACB23BE2C58004C30C7 /* PBXTargetDependency */,
			);
			name = gogglesTests;
			productName = gogglesTests;
			productReference = 65344AC923BE2C58004C30C7 /* gogglesTests.xctest */;
			productType = "com.apple.product-type.bundle.unit-test";
		};
/* End PBXNativeTarget section */

/* Begin PBXProject section */
		65344AAB23BE2C56004C30C7 /* Project object */ = {
			isa = PBXProject;
			attributes = {
				LastSwiftUpdateCheck = 1110;
				LastUpgradeCheck = 1110;
				ORGANIZATIONNAME = "Gabriel Bergamo";
				TargetAttributes = {
					65344AB223BE2C56004C30C7 = {
						CreatedOnToolsVersion = 11.1;
					};
					65344AC823BE2C58004C30C7 = {
						CreatedOnToolsVersion = 11.1;
						TestTargetID = 65344AB223BE2C56004C30C7;
					};
				};
			};
			buildConfigurationList = 65344AAE23BE2C56004C30C7 /* Build configuration list for PBXProject "goggles" */;
			compatibilityVersion = "Xcode 9.3";
			developmentRegion = en;
			hasScannedForEncodings = 0;
			knownRegions = (
				en,
				Base,
			);
			mainGroup = 65344AAA23BE2C56004C30C7;
			productRefGroup = 65344AB423BE2C56004C30C7 /* Products */;
			projectDirPath = "";
			projectRoot = "";
			targets = (
				65344AB223BE2C56004C30C7 /* goggles */,
				65344AC823BE2C58004C30C7 /* gogglesTests */,
			);
		};
/* End PBXProject section */

/* Begin PBXResourcesBuildPhase section */
		65344AB123BE2C56004C30C7 /* Resources */ = {
			isa = PBXResourcesBuildPhase;
			buildActionMask = 2147483647;
			files = (
				65344AC323BE2C57004C30C7 /* LaunchScreen.storyboard in Resources */,
				65344AC023BE2C57004C30C7 /* Assets.xcassets in Resources */,
				65344ABE23BE2C56004C30C7 /* Main.storyboard in Resources */,
			);
			runOnlyForDeploymentPostprocessing = 0;
		};
		65344AC723BE2C58004C30C7 /* Resources */ = {
			isa = PBXResourcesBuildPhase;
			buildActionMask = 2147483647;
			files = (
			);
			runOnlyForDeploymentPostprocessing = 0;
		};
/* End PBXResourcesBuildPhase section */

/* Begin PBXSourcesBuildPhase section */
		65344AAF23BE2C56004C30C7 /* Sources */ = {
			isa = PBXSourcesBuildPhase;
			buildActionMask = 2147483647;
			files = (
				65344ABB23BE2C56004C30C7 /* ViewController.swift in Sources */,
				65344AB723BE2C56004C30C7 /* AppDelegate.swift in Sources */,
				65344AB923BE2C56004C30C7 /* SceneDelegate.swift in Sources */,
			);
			runOnlyForDeploymentPostprocessing = 0;
		};
		65344AC523BE2C58004C30C7 /* Sources */ = {
			isa = PBXSourcesBuildPhase;
			buildActionMask = 2147483647;
			files = (
				65344ACE23BE2C58004C30C7 /* gogglesTests.swift in Sources */,
			);
			runOnlyForDeploymentPostprocessing = 0;
		};
/* End PBXSourcesBuildPhase section */

/* Begin PBXTargetDependency section */
		65344ACB23BE2C58004C30C7 /* PBXTargetDependency */ = {
			isa = PBXTargetDependency;
			target = 65344AB223BE2C56004C30C7 /* goggles */;
			targetProxy = 65344ACA23BE2C58004C30C7 /* PBXContainerItemProxy */;
		};
/* End PBXTargetDependency section */

/* Begin PBXVariantGroup section */
		65344ABC23BE2C56004C30C7 /* Main.storyboard */ = {
			isa = PBXVariantGroup;
			children = (
				65344ABD23BE2C56004C30C7 /* Base */,
			);
			name = Main.storyboard;
			sourceTree = "<group>";
		};
		65344AC123BE2C57004C30C7 /* LaunchScreen.storyboard */ = {
			isa = PBXVariantGroup;
			children = (
				65344AC223BE2C57004C30C7 /* Base */,
			);
			name = LaunchScreen.storyboard;
			sourceTree = "<group>";
		};
/* End PBXVariantGroup section */

/* Begin XCBuildConfiguration section */
		65344AD023BE2C58004C30C7 /* Debug */ = {
			isa = XCBuildConfiguration;
			buildSettings = {
				ALWAYS_SEARCH_USER_PATHS = NO;
				CLANG_ANALYZER_NONNULL = YES;
				CLANG_ANALYZER_NUMBER_OBJECT_CONVERSION = YES_AGGRESSIVE;
				CLANG_CXX_LANGUAGE_STANDARD = "gnu++14";
				CLANG_CXX_LIBRARY = "libc++";
				CLANG_ENABLE_MODULES = YES;
				CLANG_ENABLE_OBJC_ARC = YES;
				CLANG_ENABLE_OBJC_WEAK = YES;
				CLANG_WARN_BLOCK_CAPTURE_AUTORELEASING = YES;
				CLANG_WARN_BOOL_CONVERSION = YES;
				CLANG_WARN_COMMA = YES;
				CLANG_WARN_CONSTANT_CONVERSION = YES;
				CLANG_WARN_DEPRECATED_OBJC_IMPLEMENTATIONS = YES;
				CLANG_WARN_DIRECT_OBJC_ISA_USAGE = YES_ERROR;
				CLANG_WARN_DOCUMENTATION_COMMENTS = YES;
				CLANG_WARN_EMPTY_BODY = YES;
				CLANG_WARN_ENUM_CONVERSION = YES;
				CLANG_WARN_INFINITE_RECURSION = YES;
				CLANG_WARN_INT_CONVERSION = YES;
				CLANG_WARN_NON_LITERAL_NULL_CONVERSION = YES;
				CLANG_WARN_OBJC_IMPLICIT_RETAIN_SELF = YES;
				CLANG_WARN_OBJC_LITERAL_CONVERSION = YES;
				CLANG_WARN_OBJC_ROOT_CLASS = YES_ERROR;
				CLANG_WARN_RANGE_LOOP_ANALYSIS = YES;
				CLANG_WARN_STRICT_PROTOTYPES = YES;
				CLANG_WARN_SUSPICIOUS_MOVE = YES;
				CLANG_WARN_UNGUARDED_AVAILABILITY = YES_AGGRESSIVE;
				CLANG_WARN_UNREACHABLE_CODE = YES;
				CLANG_WARN__DUPLICATE_METHOD_MATCH = YES;
				COPY_PHASE_STRIP = NO;
				DEBUG_INFORMATION_FORMAT = dwarf;
				ENABLE_STRICT_OBJC_MSGSEND = YES;
				ENABLE_TESTABILITY = YES;
				GCC_C_LANGUAGE_STANDARD = gnu11;
				GCC_DYNAMIC_NO_PIC = NO;
				GCC_NO_COMMON_BLOCKS = YES;
				GCC_OPTIMIZATION_LEVEL = 0;
				GCC_PREPROCESSOR_DEFINITIONS = (
					"DEBUG=1",
					"$(inherited)",
				);
				GCC_WARN_64_TO_32_BIT_CONVERSION = YES;
				GCC_WARN_ABOUT_RETURN_TYPE = YES_ERROR;
				GCC_WARN_UNDECLARED_SELECTOR = YES;
				GCC_WARN_UNINITIALIZED_AUTOS = YES_AGGRESSIVE;
				GCC_WARN_UNUSED_FUNCTION = YES;
				GCC_WARN_UNUSED_VARIABLE = YES;
				IPHONEOS_DEPLOYMENT_TARGET = 13.1;
				MTL_ENABLE_DEBUG_INFO = INCLUDE_SOURCE;
				MTL_FAST_MATH = YES;
				ONLY_ACTIVE_ARCH = YES;
				SDKROOT = iphoneos;
				SWIFT_ACTIVE_COMPILATION_CONDITIONS = DEBUG;
				SWIFT_OPTIMIZATION_LEVEL = "-Onone";
			};
			name = Debug;
		};
		65344AD123BE2C58004C30C7 /* Release */ = {
			isa = XCBuildConfiguration;
			buildSettings = {
				ALWAYS_SEARCH_USER_PATHS = NO;
				CLANG_ANALYZER_NONNULL = YES;
				CLANG_ANALYZER_NUMBER_OBJECT_CONVERSION = YES_AGGRESSIVE;
				CLANG_CXX_LANGUAGE_STANDARD = "gnu++14";
				CLANG_CXX_LIBRARY = "libc++";
				CLANG_ENABLE_MODULES = YES;
				CLANG_ENABLE_OBJC_ARC = YES;
				CLANG_ENABLE_OBJC_WEAK = YES;
				CLANG_WARN_BLOCK_CAPTURE_AUTORELEASING = YES;
				CLANG_WARN_BOOL_CONVERSION = YES;
				CLANG_WARN_COMMA = YES;
				CLANG_WARN_CONSTANT_CONVERSION = YES;
				CLANG_WARN_DEPRECATED_OBJC_IMPLEMENTATIONS = YES;
				CLANG_WARN_DIRECT_OBJC_ISA_USAGE = YES_ERROR;
				CLANG_WARN_DOCUMENTATION_COMMENTS = YES;
				CLANG_WARN_EMPTY_BODY = YES;
				CLANG_WARN_ENUM_CONVERSION = YES;
				CLANG_WARN_INFINITE_RECURSION = YES;
				CLANG_WARN_INT_CONVERSION = YES;
				CLANG_WARN_NON_LITERAL_NULL_CONVERSION = YES;
				CLANG_WARN_OBJC_IMPLICIT_RETAIN_SELF = YES;
				CLANG_WARN_OBJC_LITERAL_CONVERSION = YES;
				CLANG_WARN_OBJC_ROOT_CLASS = YES_ERROR;
				CLANG_WARN_RANGE_LOOP_ANALYSIS = YES;
				CLANG_WARN_STRICT_PROTOTYPES = YES;
				CLANG_WARN_SUSPICIOUS_MOVE = YES;
				CLANG_WARN_UNGUARDED_AVAILABILITY = YES_AGGRESSIVE;
				CLANG_WARN_UNREACHABLE_CODE = YES;
				CLANG_WARN__DUPLICATE_METHOD_MATCH = YES;
				COPY_PHASE_STRIP = NO;
				DEBUG_INFORMATION_FORMAT = "dwarf-with-dsym";
				ENABLE_NS_ASSERTIONS = NO;
				ENABLE_STRICT_OBJC_MSGSEND = YES;
				GCC_C_LANGUAGE_STANDARD = gnu11;
				GCC_NO_COMMON_BLOCKS = YES;
				GCC_WARN_64_TO_32_BIT_CONVERSION = YES;
				GCC_WARN_ABOUT_RETURN_TYPE = YES_ERROR;
				GCC_WARN_UNDECLARED_SELECTOR = YES;
				GCC_WARN_UNINITIALIZED_AUTOS = YES_AGGRESSIVE;
				GCC_WARN_UNUSED_FUNCTION = YES;
				GCC_WARN_UNUSED_VARIABLE = YES;
				IPHONEOS_DEPLOYMENT_TARGET = 13.1;
				MTL_ENABLE_DEBUG_INFO = NO;
				MTL_FAST_MATH = YES;
				SDKROOT = iphoneos;
				SWIFT_COMPILATION_MODE = wholemodule;
				SWIFT_OPTIMIZATION_LEVEL = "-O";
				VALIDATE_PRODUCT = YES;
			};
			name = Release;
		};
		65344AD323BE2C58004C30C7 /* Debug */ = {
			isa = XCBuildConfiguration;
			buildSettings = {
				ASSETCATALOG_COMPILER_APPICON_NAME = AppIcon;
				CODE_SIGN_STYLE = Automatic;
				DEVELOPMENT_TEAM = 7AWVNFJU92;
				INFOPLIST_FILE = goggles/Info.plist;
				LD_RUNPATH_SEARCH_PATHS = (
					"$(inherited)",
					"@executable_path/Frameworks",
				);
				PRODUCT_BUNDLE_IDENTIFIER = gabbo.goggles;
				PRODUCT_NAME = "$(TARGET_NAME)";
				SWIFT_VERSION = 5.0;
				TARGETED_DEVICE_FAMILY = "1,2";
			};
			name = Debug;
		};
		65344AD423BE2C58004C30C7 /* Release */ = {
			isa = XCBuildConfiguration;
			buildSettings = {
				ASSETCATALOG_COMPILER_APPICON_NAME = AppIcon;
				CODE_SIGN_STYLE = Automatic;
				DEVELOPMENT_TEAM = 7AWVNFJU92;
				INFOPLIST_FILE = goggles/Info.plist;
				LD_RUNPATH_SEARCH_PATHS = (
					"$(inherited)",
					"@executable_path/Frameworks",
				);
				PRODUCT_BUNDLE_IDENTIFIER = gabbo.goggles;
				PRODUCT_NAME = "$(TARGET_NAME)";
				SWIFT_VERSION = 5.0;
				TARGETED_DEVICE_FAMILY = "1,2";
			};
			name = Release;
		};
		65344AD623BE2C58004C30C7 /* Debug */ = {
			isa = XCBuildConfiguration;
			buildSettings = {
				ALWAYS_EMBED_SWIFT_STANDARD_LIBRARIES = YES;
				BUNDLE_LOADER = "$(TEST_HOST)";
				CODE_SIGN_STYLE = Automatic;
				DEVELOPMENT_TEAM = 7AWVNFJU92;
				INFOPLIST_FILE = gogglesTests/Info.plist;
				IPHONEOS_DEPLOYMENT_TARGET = 13.1;
				LD_RUNPATH_SEARCH_PATHS = (
					"$(inherited)",
					"@executable_path/Frameworks",
					"@loader_path/Frameworks",
				);
				PRODUCT_BUNDLE_IDENTIFIER = gabbo.gogglesTests;
				PRODUCT_NAME = "$(TARGET_NAME)";
				SWIFT_VERSION = 5.0;
				TARGETED_DEVICE_FAMILY = "1,2";
				TEST_HOST = "$(BUILT_PRODUCTS_DIR)/goggles.app/goggles";
			};
			name = Debug;
		};
		65344AD723BE2C58004C30C7 /* Release */ = {
			isa = XCBuildConfiguration;
			buildSettings = {
				ALWAYS_EMBED_SWIFT_STANDARD_LIBRARIES = YES;
				BUNDLE_LOADER = "$(TEST_HOST)";
				CODE_SIGN_STYLE = Automatic;
				DEVELOPMENT_TEAM = 7AWVNFJU92;
				INFOPLIST_FILE = gogglesTests/Info.plist;
				IPHONEOS_DEPLOYMENT_TARGET = 13.1;
				LD_RUNPATH_SEARCH_PATHS = (
					"$(inherited)",
					"@executable_path/Frameworks",
					"@loader_path/Frameworks",
				);
				PRODUCT_BUNDLE_IDENTIFIER = gabbo.gogglesTests;
				PRODUCT_NAME = "$(TARGET_NAME)";
				SWIFT_VERSION = 5.0;
				TARGETED_DEVICE_FAMILY = "1,2";
				TEST_HOST = "$(BUILT_PRODUCTS_DIR)/goggles.app/goggles";
			};
			name = Release;
		};
/* End XCBuildConfiguration section */

/* Begin XCConfigurationList section */
		65344AAE23BE2C56004C30C7 /* Build configuration list for PBXProject "goggles" */ = {
			isa = XCConfigurationList;
			buildConfigurations = (
				65344AD023BE2C58004C30C7 /* Debug */,
				65344AD123BE2C58004C30C7 /* Release */,
			);
			defaultConfigurationIsVisible = 0;
			defaultConfigurationName = Release;
		};
		65344AD223BE2C58004C30C7 /* Build configuration list for PBXNativeTarget "goggles" */ = {
			isa = XCConfigurationList;
			buildConfigurations = (
				65344AD323BE2C58004C30C7 /* Debug */,
				65344AD423BE2C58004C30C7 /* Release */,
			);
			defaultConfigurationIsVisible = 0;
			defaultConfigurationName = Release;
		};
		65344AD523BE2C58004C30C7 /* Build configuration list for PBXNativeTarget "gogglesTests" */ = {
			isa = XCConfigurationList;
			buildConfigurations = (
				65344AD623BE2C58004C30C7 /* Debug */,
				65344AD723BE2C58004C30C7 /* Release */,
			);
			defaultConfigurationIsVisible = 0;
			defaultConfigurationName = Release;
		};
/* End XCConfigurationList section */
	};
	rootObject = 65344AAB23BE2C56004C30C7 /* Project object */;
}
